// !$*UTF8*$!
{
	archiveVersion = 1;
	classes = {
	};
	objectVersion = 46;
	objects = {

/* Begin PBXBuildFile section */
		018185BE5E248CBC18D8D5F4 /* Pods_SwiftyList.framework in Frameworks */ = {isa = PBXBuildFile; fileRef = 1F881E755CA84863C43B4010 /* Pods_SwiftyList.framework */; };
		31F722491DDACB5E00491D56 /* AppDelegate.swift in Sources */ = {isa = PBXBuildFile; fileRef = 31F722481DDACB5E00491D56 /* AppDelegate.swift */; };
		31F722501DDACB5F00491D56 /* Assets.xcassets in Resources */ = {isa = PBXBuildFile; fileRef = 31F7224F1DDACB5F00491D56 /* Assets.xcassets */; };
		31F722531DDACB5F00491D56 /* LaunchScreen.storyboard in Resources */ = {isa = PBXBuildFile; fileRef = 31F722511DDACB5F00491D56 /* LaunchScreen.storyboard */; };
		31F7225B1DDADF7100491D56 /* TableView.png in Resources */ = {isa = PBXBuildFile; fileRef = 31F7225A1DDADF7100491D56 /* TableView.png */; };
		31F7225F1DDBA5BD00491D56 /* SLTableViewController.swift in Sources */ = {isa = PBXBuildFile; fileRef = 31F7225E1DDBA5BD00491D56 /* SLTableViewController.swift */; };
		31F722611DDBB6CA00491D56 /* SLProfileViewController.swift in Sources */ = {isa = PBXBuildFile; fileRef = 31F722601DDBB6CA00491D56 /* SLProfileViewController.swift */; };
		31F7226D1DDBE13600491D56 /* SLProfileTableViewCell.swift in Sources */ = {isa = PBXBuildFile; fileRef = 31F7226B1DDBE13600491D56 /* SLProfileTableViewCell.swift */; };
		31F7226E1DDBE13600491D56 /* SLProfileTableViewCell.xib in Resources */ = {isa = PBXBuildFile; fileRef = 31F7226C1DDBE13600491D56 /* SLProfileTableViewCell.xib */; };
		31F722701DDBF65900491D56 /* SLUser.swift in Sources */ = {isa = PBXBuildFile; fileRef = 31F7226F1DDBF65900491D56 /* SLUser.swift */; };
		31F722751DDC5F2A00491D56 /* GoogleService-Info.plist in Resources */ = {isa = PBXBuildFile; fileRef = 31F722741DDC5F2A00491D56 /* GoogleService-Info.plist */; };
		31F722781DDC6C1E00491D56 /* SLAddProfileOverlay.xib in Resources */ = {isa = PBXBuildFile; fileRef = 31F722771DDC6C1E00491D56 /* SLAddProfileOverlay.xib */; };
		31F7227A1DDCE28200491D56 /* SLAddProfileOverlay.swift in Sources */ = {isa = PBXBuildFile; fileRef = 31F722791DDCE28200491D56 /* SLAddProfileOverlay.swift */; };
/* End PBXBuildFile section */

/* Begin PBXFileReference section */
		1F881E755CA84863C43B4010 /* Pods_SwiftyList.framework */ = {isa = PBXFileReference; explicitFileType = wrapper.framework; includeInIndex = 0; path = Pods_SwiftyList.framework; sourceTree = BUILT_PRODUCTS_DIR; };
		31F722451DDACB5E00491D56 /* SwiftyList.app */ = {isa = PBXFileReference; explicitFileType = wrapper.application; includeInIndex = 0; path = SwiftyList.app; sourceTree = BUILT_PRODUCTS_DIR; };
		31F722481DDACB5E00491D56 /* AppDelegate.swift */ = {isa = PBXFileReference; lastKnownFileType = sourcecode.swift; path = AppDelegate.swift; sourceTree = "<group>"; };
		31F7224F1DDACB5F00491D56 /* Assets.xcassets */ = {isa = PBXFileReference; lastKnownFileType = folder.assetcatalog; path = Assets.xcassets; sourceTree = "<group>"; };
		31F722521DDACB5F00491D56 /* Base */ = {isa = PBXFileReference; lastKnownFileType = file.storyboard; name = Base; path = Base.lproj/LaunchScreen.storyboard; sourceTree = "<group>"; };
		31F722541DDACB5F00491D56 /* Info.plist */ = {isa = PBXFileReference; lastKnownFileType = text.plist.xml; path = Info.plist; sourceTree = "<group>"; };
		31F7225A1DDADF7100491D56 /* TableView.png */ = {isa = PBXFileReference; lastKnownFileType = image.png; name = TableView.png; path = ../../TableView.png; sourceTree = "<group>"; };
		31F7225E1DDBA5BD00491D56 /* SLTableViewController.swift */ = {isa = PBXFileReference; fileEncoding = 4; lastKnownFileType = sourcecode.swift; path = SLTableViewController.swift; sourceTree = "<group>"; };
		31F722601DDBB6CA00491D56 /* SLProfileViewController.swift */ = {isa = PBXFileReference; fileEncoding = 4; lastKnownFileType = sourcecode.swift; path = SLProfileViewController.swift; sourceTree = "<group>"; };
		31F7226B1DDBE13600491D56 /* SLProfileTableViewCell.swift */ = {isa = PBXFileReference; fileEncoding = 4; lastKnownFileType = sourcecode.swift; path = SLProfileTableViewCell.swift; sourceTree = "<group>"; };
		31F7226C1DDBE13600491D56 /* SLProfileTableViewCell.xib */ = {isa = PBXFileReference; fileEncoding = 4; lastKnownFileType = file.xib; path = SLProfileTableViewCell.xib; sourceTree = "<group>"; };
		31F7226F1DDBF65900491D56 /* SLUser.swift */ = {isa = PBXFileReference; fileEncoding = 4; lastKnownFileType = sourcecode.swift; path = SLUser.swift; sourceTree = "<group>"; };
		31F722741DDC5F2A00491D56 /* GoogleService-Info.plist */ = {isa = PBXFileReference; fileEncoding = 4; lastKnownFileType = text.plist.xml; path = "GoogleService-Info.plist"; sourceTree = "<group>"; };
		31F722771DDC6C1E00491D56 /* SLAddProfileOverlay.xib */ = {isa = PBXFileReference; fileEncoding = 4; lastKnownFileType = file.xib; path = SLAddProfileOverlay.xib; sourceTree = "<group>"; };
		31F722791DDCE28200491D56 /* SLAddProfileOverlay.swift */ = {isa = PBXFileReference; fileEncoding = 4; lastKnownFileType = sourcecode.swift; path = SLAddProfileOverlay.swift; sourceTree = "<group>"; };
		5C7FF04E35F1D58BC5DD983F /* Pods-SwiftyList.release.xcconfig */ = {isa = PBXFileReference; includeInIndex = 1; lastKnownFileType = text.xcconfig; name = "Pods-SwiftyList.release.xcconfig"; path = "Pods/Target Support Files/Pods-SwiftyList/Pods-SwiftyList.release.xcconfig"; sourceTree = "<group>"; };
		EC2349AF7AF9A7555F0E2073 /* Pods-SwiftyList.debug.xcconfig */ = {isa = PBXFileReference; includeInIndex = 1; lastKnownFileType = text.xcconfig; name = "Pods-SwiftyList.debug.xcconfig"; path = "Pods/Target Support Files/Pods-SwiftyList/Pods-SwiftyList.debug.xcconfig"; sourceTree = "<group>"; };
/* End PBXFileReference section */

/* Begin PBXFrameworksBuildPhase section */
		31F722421DDACB5E00491D56 /* Frameworks */ = {
			isa = PBXFrameworksBuildPhase;
			buildActionMask = 2147483647;
			files = (
				018185BE5E248CBC18D8D5F4 /* Pods_SwiftyList.framework in Frameworks */,
			);
			runOnlyForDeploymentPostprocessing = 0;
		};
/* End PBXFrameworksBuildPhase section */

/* Begin PBXGroup section */
		31F7223C1DDACB5E00491D56 = {
			isa = PBXGroup;
			children = (
				31F722471DDACB5E00491D56 /* SwiftyList */,
				31F722461DDACB5E00491D56 /* Products */,
				D8A7ADE611F95FA78D1FF860 /* Pods */,
				9F69EB5905E25A6D170B722D /* Frameworks */,
			);
			sourceTree = "<group>";
		};
		31F722461DDACB5E00491D56 /* Products */ = {
			isa = PBXGroup;
			children = (
				31F722451DDACB5E00491D56 /* SwiftyList.app */,
			);
			name = Products;
			sourceTree = "<group>";
		};
		31F722471DDACB5E00491D56 /* SwiftyList */ = {
			isa = PBXGroup;
			children = (
				31F7226F1DDBF65900491D56 /* SLUser.swift */,
				31F722691DDBDA9000491D56 /* View */,
				31F722711DDBFE0F00491D56 /* Controller */,
				31F7226A1DDBDF8900491D56 /* app */,
			);
			path = SwiftyList;
			sourceTree = "<group>";
		};
		31F722691DDBDA9000491D56 /* View */ = {
			isa = PBXGroup;
			children = (
				31F7227B1DDCE29700491D56 /* Add Profile Overlay */,
				31F722761DDC6BC600491D56 /* ProfileCell */,
			);
			name = View;
			sourceTree = "<group>";
		};
		31F7226A1DDBDF8900491D56 /* app */ = {
			isa = PBXGroup;
			children = (
				31F722741DDC5F2A00491D56 /* GoogleService-Info.plist */,
				31F722481DDACB5E00491D56 /* AppDelegate.swift */,
				31F7224F1DDACB5F00491D56 /* Assets.xcassets */,
				31F7225A1DDADF7100491D56 /* TableView.png */,
				31F722511DDACB5F00491D56 /* LaunchScreen.storyboard */,
				31F722541DDACB5F00491D56 /* Info.plist */,
			);
			name = app;
			sourceTree = "<group>";
		};
		31F722711DDBFE0F00491D56 /* Controller */ = {
			isa = PBXGroup;
			children = (
				31F722601DDBB6CA00491D56 /* SLProfileViewController.swift */,
				31F7225E1DDBA5BD00491D56 /* SLTableViewController.swift */,
			);
			name = Controller;
			sourceTree = "<group>";
		};
		31F722761DDC6BC600491D56 /* ProfileCell */ = {
			isa = PBXGroup;
			children = (
				31F7226B1DDBE13600491D56 /* SLProfileTableViewCell.swift */,
				31F7226C1DDBE13600491D56 /* SLProfileTableViewCell.xib */,
			);
			name = ProfileCell;
			sourceTree = "<group>";
		};
		31F7227B1DDCE29700491D56 /* Add Profile Overlay */ = {
			isa = PBXGroup;
			children = (
				31F722791DDCE28200491D56 /* SLAddProfileOverlay.swift */,
				31F722771DDC6C1E00491D56 /* SLAddProfileOverlay.xib */,
			);
			name = "Add Profile Overlay";
			sourceTree = "<group>";
		};
		9F69EB5905E25A6D170B722D /* Frameworks */ = {
			isa = PBXGroup;
			children = (
				1F881E755CA84863C43B4010 /* Pods_SwiftyList.framework */,
			);
			name = Frameworks;
			sourceTree = "<group>";
		};
		D8A7ADE611F95FA78D1FF860 /* Pods */ = {
			isa = PBXGroup;
			children = (
				EC2349AF7AF9A7555F0E2073 /* Pods-SwiftyList.debug.xcconfig */,
				5C7FF04E35F1D58BC5DD983F /* Pods-SwiftyList.release.xcconfig */,
			);
			name = Pods;
			sourceTree = "<group>";
		};
/* End PBXGroup section */

/* Begin PBXNativeTarget section */
		31F722441DDACB5E00491D56 /* SwiftyList */ = {
			isa = PBXNativeTarget;
			buildConfigurationList = 31F722571DDACB5F00491D56 /* Build configuration list for PBXNativeTarget "SwiftyList" */;
			buildPhases = (
				E69011B9481631D400D04403 /* [CP] Check Pods Manifest.lock */,
				31F722411DDACB5E00491D56 /* Sources */,
				31F722421DDACB5E00491D56 /* Frameworks */,
				31F722431DDACB5E00491D56 /* Resources */,
				BEF09617691B8AC5E2E8C8F7 /* [CP] Embed Pods Frameworks */,
				FAC8087CCB2155E4BCAEB620 /* [CP] Copy Pods Resources */,
			);
			buildRules = (
			);
			dependencies = (
			);
			name = SwiftyList;
			productName = SwiftyList;
			productReference = 31F722451DDACB5E00491D56 /* SwiftyList.app */;
			productType = "com.apple.product-type.application";
		};
/* End PBXNativeTarget section */

/* Begin PBXProject section */
		31F7223D1DDACB5E00491D56 /* Project object */ = {
			isa = PBXProject;
			attributes = {
				LastSwiftUpdateCheck = 0810;
				LastUpgradeCheck = 0810;
				ORGANIZATIONNAME = "Andre Creighton";
				TargetAttributes = {
					31F722441DDACB5E00491D56 = {
						CreatedOnToolsVersion = 8.1;
						DevelopmentTeam = 329GD8M8SH;
						ProvisioningStyle = Automatic;
					};
				};
			};
			buildConfigurationList = 31F722401DDACB5E00491D56 /* Build configuration list for PBXProject "SwiftyList" */;
			compatibilityVersion = "Xcode 3.2";
			developmentRegion = English;
			hasScannedForEncodings = 0;
			knownRegions = (
				en,
				Base,
			);
			mainGroup = 31F7223C1DDACB5E00491D56;
			productRefGroup = 31F722461DDACB5E00491D56 /* Products */;
			projectDirPath = "";
			projectRoot = "";
			targets = (
				31F722441DDACB5E00491D56 /* SwiftyList */,
			);
		};
/* End PBXProject section */

/* Begin PBXResourcesBuildPhase section */
		31F722431DDACB5E00491D56 /* Resources */ = {
			isa = PBXResourcesBuildPhase;
			buildActionMask = 2147483647;
			files = (
				31F722531DDACB5F00491D56 /* LaunchScreen.storyboard in Resources */,
				31F7226E1DDBE13600491D56 /* SLProfileTableViewCell.xib in Resources */,
				31F722751DDC5F2A00491D56 /* GoogleService-Info.plist in Resources */,
				31F722781DDC6C1E00491D56 /* SLAddProfileOverlay.xib in Resources */,
				31F722501DDACB5F00491D56 /* Assets.xcassets in Resources */,
				31F7225B1DDADF7100491D56 /* TableView.png in Resources */,
			);
			runOnlyForDeploymentPostprocessing = 0;
		};
/* End PBXResourcesBuildPhase section */

/* Begin PBXShellScriptBuildPhase section */
		BEF09617691B8AC5E2E8C8F7 /* [CP] Embed Pods Frameworks */ = {
			isa = PBXShellScriptBuildPhase;
			buildActionMask = 2147483647;
			files = (
			);
			inputPaths = (
			);
			name = "[CP] Embed Pods Frameworks";
			outputPaths = (
			);
			runOnlyForDeploymentPostprocessing = 0;
			shellPath = /bin/sh;
			shellScript = "\"${SRCROOT}/Pods/Target Support Files/Pods-SwiftyList/Pods-SwiftyList-frameworks.sh\"\n";
			showEnvVarsInLog = 0;
		};
		E69011B9481631D400D04403 /* [CP] Check Pods Manifest.lock */ = {
			isa = PBXShellScriptBuildPhase;
			buildActionMask = 2147483647;
			files = (
			);
			inputPaths = (
			);
			name = "[CP] Check Pods Manifest.lock";
			outputPaths = (
			);
			runOnlyForDeploymentPostprocessing = 0;
			shellPath = /bin/sh;
			shellScript = "diff \"${PODS_ROOT}/../Podfile.lock\" \"${PODS_ROOT}/Manifest.lock\" > /dev/null\nif [ $? != 0 ] ; then\n    # print error to STDERR\n    echo \"error: The sandbox is not in sync with the Podfile.lock. Run 'pod install' or update your CocoaPods installation.\" >&2\n    exit 1\nfi\n";
			showEnvVarsInLog = 0;
		};
		FAC8087CCB2155E4BCAEB620 /* [CP] Copy Pods Resources */ = {
			isa = PBXShellScriptBuildPhase;
			buildActionMask = 2147483647;
			files = (
			);
			inputPaths = (
			);
			name = "[CP] Copy Pods Resources";
			outputPaths = (
			);
			runOnlyForDeploymentPostprocessing = 0;
			shellPath = /bin/sh;
			shellScript = "\"${SRCROOT}/Pods/Target Support Files/Pods-SwiftyList/Pods-SwiftyList-resources.sh\"\n";
			showEnvVarsInLog = 0;
		};
/* End PBXShellScriptBuildPhase section */

/* Begin PBXSourcesBuildPhase section */
		31F722411DDACB5E00491D56 /* Sources */ = {
			isa = PBXSourcesBuildPhase;
			buildActionMask = 2147483647;
			files = (
				31F722611DDBB6CA00491D56 /* SLProfileViewController.swift in Sources */,
				31F7227A1DDCE28200491D56 /* SLAddProfileOverlay.swift in Sources */,
				31F7226D1DDBE13600491D56 /* SLProfileTableViewCell.swift in Sources */,
				31F722701DDBF65900491D56 /* SLUser.swift in Sources */,
				31F7225F1DDBA5BD00491D56 /* SLTableViewController.swift in Sources */,
				31F722491DDACB5E00491D56 /* AppDelegate.swift in Sources */,
			);
			runOnlyForDeploymentPostprocessing = 0;
		};
/* End PBXSourcesBuildPhase section */

/* Begin PBXVariantGroup section */
		31F722511DDACB5F00491D56 /* LaunchScreen.storyboard */ = {
			isa = PBXVariantGroup;
			children = (
				31F722521DDACB5F00491D56 /* Base */,
			);
			name = LaunchScreen.storyboard;
			sourceTree = "<group>";
		};
/* End PBXVariantGroup section */

/* Begin XCBuildConfiguration section */
		31F722551DDACB5F00491D56 /* Debug */ = {
			isa = XCBuildConfiguration;
			buildSettings = {
				ALWAYS_SEARCH_USER_PATHS = NO;
				CLANG_ANALYZER_NONNULL = YES;
				CLANG_CXX_LANGUAGE_STANDARD = "gnu++0x";
				CLANG_CXX_LIBRARY = "libc++";
				CLANG_ENABLE_MODULES = YES;
				CLANG_ENABLE_OBJC_ARC = YES;
				CLANG_WARN_BOOL_CONVERSION = YES;
				CLANG_WARN_CONSTANT_CONVERSION = YES;
				CLANG_WARN_DIRECT_OBJC_ISA_USAGE = YES_ERROR;
				CLANG_WARN_DOCUMENTATION_COMMENTS = YES;
				CLANG_WARN_EMPTY_BODY = YES;
				CLANG_WARN_ENUM_CONVERSION = YES;
				CLANG_WARN_INFINITE_RECURSION = YES;
				CLANG_WARN_INT_CONVERSION = YES;
				CLANG_WARN_OBJC_ROOT_CLASS = YES_ERROR;
				CLANG_WARN_SUSPICIOUS_MOVES = YES;
				CLANG_WARN_UNREACHABLE_CODE = YES;
				CLANG_WARN__DUPLICATE_METHOD_MATCH = YES;
				"CODE_SIGN_IDENTITY[sdk=iphoneos*]" = "iPhone Developer";
				COPY_PHASE_STRIP = NO;
				DEBUG_INFORMATION_FORMAT = dwarf;
				ENABLE_STRICT_OBJC_MSGSEND = YES;
				ENABLE_TESTABILITY = YES;
				GCC_C_LANGUAGE_STANDARD = gnu99;
				GCC_DYNAMIC_NO_PIC = NO;
				GCC_NO_COMMON_BLOCKS = YES;
				GCC_OPTIMIZATION_LEVEL = 0;
				GCC_PREPROCESSOR_DEFINITIONS = (
					"DEBUG=1",
					"$(inherited)",
				);
				GCC_WARN_64_TO_32_BIT_CONVERSION = YES;
				GCC_WARN_ABOUT_RETURN_TYPE = YES_ERROR;
				GCC_WARN_UNDECLARED_SELECTOR = YES;
				GCC_WARN_UNINITIALIZED_AUTOS = YES_AGGRESSIVE;
				GCC_WARN_UNUSED_FUNCTION = YES;
				GCC_WARN_UNUSED_VARIABLE = YES;
				IPHONEOS_DEPLOYMENT_TARGET = 10.1;
				MTL_ENABLE_DEBUG_INFO = YES;
				ONLY_ACTIVE_ARCH = YES;
				SDKROOT = iphoneos;
				SWIFT_ACTIVE_COMPILATION_CONDITIONS = DEBUG;
				SWIFT_OPTIMIZATION_LEVEL = "-Onone";
			};
			name = Debug;
		};
		31F722561DDACB5F00491D56 /* Release */ = {
			isa = XCBuildConfiguration;
			buildSettings = {
				ALWAYS_SEARCH_USER_PATHS = NO;
				CLANG_ANALYZER_NONNULL = YES;
				CLANG_CXX_LANGUAGE_STANDARD = "gnu++0x";
				CLANG_CXX_LIBRARY = "libc++";
				CLANG_ENABLE_MODULES = YES;
				CLANG_ENABLE_OBJC_ARC = YES;
				CLANG_WARN_BOOL_CONVERSION = YES;
				CLANG_WARN_CONSTANT_CONVERSION = YES;
				CLANG_WARN_DIRECT_OBJC_ISA_USAGE = YES_ERROR;
				CLANG_WARN_DOCUMENTATION_COMMENTS = YES;
				CLANG_WARN_EMPTY_BODY = YES;
				CLANG_WARN_ENUM_CONVERSION = YES;
				CLANG_WARN_INFINITE_RECURSION = YES;
				CLANG_WARN_INT_CONVERSION = YES;
				CLANG_WARN_OBJC_ROOT_CLASS = YES_ERROR;
				CLANG_WARN_SUSPICIOUS_MOVES = YES;
				CLANG_WARN_UNREACHABLE_CODE = YES;
				CLANG_WARN__DUPLICATE_METHOD_MATCH = YES;
				"CODE_SIGN_IDENTITY[sdk=iphoneos*]" = "iPhone Developer";
				COPY_PHASE_STRIP = NO;
				DEBUG_INFORMATION_FORMAT = "dwarf-with-dsym";
				ENABLE_NS_ASSERTIONS = NO;
				ENABLE_STRICT_OBJC_MSGSEND = YES;
				GCC_C_LANGUAGE_STANDARD = gnu99;
				GCC_NO_COMMON_BLOCKS = YES;
				GCC_WARN_64_TO_32_BIT_CONVERSION = YES;
				GCC_WARN_ABOUT_RETURN_TYPE = YES_ERROR;
				GCC_WARN_UNDECLARED_SELECTOR = YES;
				GCC_WARN_UNINITIALIZED_AUTOS = YES_AGGRESSIVE;
				GCC_WARN_UNUSED_FUNCTION = YES;
				GCC_WARN_UNUSED_VARIABLE = YES;
				IPHONEOS_DEPLOYMENT_TARGET = 10.1;
				MTL_ENABLE_DEBUG_INFO = NO;
				SDKROOT = iphoneos;
				SWIFT_OPTIMIZATION_LEVEL = "-Owholemodule";
				VALIDATE_PRODUCT = YES;
			};
			name = Release;
		};
		31F722581DDACB5F00491D56 /* Debug */ = {
			isa = XCBuildConfiguration;
			baseConfigurationReference = EC2349AF7AF9A7555F0E2073 /* Pods-SwiftyList.debug.xcconfig */;
			buildSettings = {
				ASSETCATALOG_COMPILER_APPICON_NAME = AppIcon;
				DEVELOPMENT_TEAM = 329GD8M8SH;
				INFOPLIST_FILE = SwiftyList/Info.plist;
				LD_RUNPATH_SEARCH_PATHS = "$(inherited) @executable_path/Frameworks";
				PRODUCT_BUNDLE_IDENTIFIER = com.myProject.SwiftyList;
				PRODUCT_NAME = "$(TARGET_NAME)";
				SWIFT_VERSION = 3.0;
			};
			name = Debug;
		};
		31F722591DDACB5F00491D56 /* Release */ = {
			isa = XCBuildConfiguration;
			baseConfigurationReference = 5C7FF04E35F1D58BC5DD983F /* Pods-SwiftyList.release.xcconfig */;
			buildSettings = {
				ASSETCATALOG_COMPILER_APPICON_NAME = AppIcon;
				DEVELOPMENT_TEAM = 329GD8M8SH;
				INFOPLIST_FILE = SwiftyList/Info.plist;
				LD_RUNPATH_SEARCH_PATHS = "$(inherited) @executable_path/Frameworks";
				PRODUCT_BUNDLE_IDENTIFIER = com.myProject.SwiftyList;
				PRODUCT_NAME = "$(TARGET_NAME)";
				SWIFT_VERSION = 3.0;
			};
			name = Release;
		};
/* End XCBuildConfiguration section */

/* Begin XCConfigurationList section */
		31F722401DDACB5E00491D56 /* Build configuration list for PBXProject "SwiftyList" */ = {
			isa = XCConfigurationList;
			buildConfigurations = (
				31F722551DDACB5F00491D56 /* Debug */,
				31F722561DDACB5F00491D56 /* Release */,
			);
			defaultConfigurationIsVisible = 0;
			defaultConfigurationName = Release;
		};
		31F722571DDACB5F00491D56 /* Build configuration list for PBXNativeTarget "SwiftyList" */ = {
			isa = XCConfigurationList;
			buildConfigurations = (
				31F722581DDACB5F00491D56 /* Debug */,
				31F722591DDACB5F00491D56 /* Release */,
			);
			defaultConfigurationIsVisible = 0;
			defaultConfigurationName = Release;
		};
/* End XCConfigurationList section */
	};
	rootObject = 31F7223D1DDACB5E00491D56 /* Project object */;
}
